// !$*UTF8*$!
{
	archiveVersion = 1;
	classes = {
	};
	objectVersion = 50;
	objects = {

/* Begin PBXBuildFile section */
		4511D4A826D3CECC009517E4 /* UIColorExtensions.swift in Sources */ = {isa = PBXBuildFile; fileRef = 4511D4A726D3CECC009517E4 /* UIColorExtensions.swift */; };
		4511D4B626D63C4D009517E4 /* AddSubviews.swift in Sources */ = {isa = PBXBuildFile; fileRef = 4511D4B526D63C4D009517E4 /* AddSubviews.swift */; };
		4511D4B826D63C68009517E4 /* ToAutoLayout.swift in Sources */ = {isa = PBXBuildFile; fileRef = 4511D4B726D63C68009517E4 /* ToAutoLayout.swift */; };
		454C3F2B26C14F3600A1A0A7 /* SFProText_Regular.ttf in Resources */ = {isa = PBXBuildFile; fileRef = 454C3F2826C14F3600A1A0A7 /* SFProText_Regular.ttf */; };
		454C3F2C26C14F3600A1A0A7 /* SFProText_Semibold.ttf in Resources */ = {isa = PBXBuildFile; fileRef = 454C3F2926C14F3600A1A0A7 /* SFProText_Semibold.ttf */; };
		454C3F2D26C14F3600A1A0A7 /* SFProDisplay_Semibold.otf in Resources */ = {isa = PBXBuildFile; fileRef = 454C3F2A26C14F3600A1A0A7 /* SFProDisplay_Semibold.otf */; };
		454C3F2F26C1541C00A1A0A7 /* InfoStorage.swift in Sources */ = {isa = PBXBuildFile; fileRef = 454C3F2E26C1541C00A1A0A7 /* InfoStorage.swift */; };
		454C3F3426C167DE00A1A0A7 /* HabitCollectionViewCell.swift in Sources */ = {isa = PBXBuildFile; fileRef = 454C3F3326C167DE00A1A0A7 /* HabitCollectionViewCell.swift */; };
		454C3F3826C1BF7D00A1A0A7 /* ProgressCollectionViewCell.swift in Sources */ = {isa = PBXBuildFile; fileRef = 454C3F3726C1BF7D00A1A0A7 /* ProgressCollectionViewCell.swift */; };
		454C3F3A26C1C68800A1A0A7 /* HabitViewController.swift in Sources */ = {isa = PBXBuildFile; fileRef = 454C3F3926C1C68800A1A0A7 /* HabitViewController.swift */; };
		454C3F3E26C3E62300A1A0A7 /* HabitDetailsViewController.swift in Sources */ = {isa = PBXBuildFile; fileRef = 454C3F3D26C3E62300A1A0A7 /* HabitDetailsViewController.swift */; };
		454C3F5026CF896B00A1A0A7 /* ResetUserDefaults.swift in Sources */ = {isa = PBXBuildFile; fileRef = 454C3F4F26CF896B00A1A0A7 /* ResetUserDefaults.swift */; };
		45BDC2F226C12CFC00EA9EF9 /* AppDelegate.swift in Sources */ = {isa = PBXBuildFile; fileRef = 45BDC2F126C12CFC00EA9EF9 /* AppDelegate.swift */; };
		45BDC2F426C12CFC00EA9EF9 /* SceneDelegate.swift in Sources */ = {isa = PBXBuildFile; fileRef = 45BDC2F326C12CFC00EA9EF9 /* SceneDelegate.swift */; };
		45BDC2F626C12CFC00EA9EF9 /* ViewController.swift in Sources */ = {isa = PBXBuildFile; fileRef = 45BDC2F526C12CFC00EA9EF9 /* ViewController.swift */; };
		45BDC2F926C12CFC00EA9EF9 /* Main.storyboard in Resources */ = {isa = PBXBuildFile; fileRef = 45BDC2F726C12CFC00EA9EF9 /* Main.storyboard */; };
		45BDC2FB26C12D0000EA9EF9 /* Assets.xcassets in Resources */ = {isa = PBXBuildFile; fileRef = 45BDC2FA26C12D0000EA9EF9 /* Assets.xcassets */; };
		45BDC2FE26C12D0000EA9EF9 /* LaunchScreen.storyboard in Resources */ = {isa = PBXBuildFile; fileRef = 45BDC2FC26C12D0000EA9EF9 /* LaunchScreen.storyboard */; };
		45BDC30626C12D9F00EA9EF9 /* HabitsViewController.swift in Sources */ = {isa = PBXBuildFile; fileRef = 45BDC30526C12D9F00EA9EF9 /* HabitsViewController.swift */; };
		45BDC30826C12DA800EA9EF9 /* InfoViewController.swift in Sources */ = {isa = PBXBuildFile; fileRef = 45BDC30726C12DA800EA9EF9 /* InfoViewController.swift */; };
		45BDC30A26C1400600EA9EF9 /* HabitsStore.swift in Sources */ = {isa = PBXBuildFile; fileRef = 45BDC30926C1400600EA9EF9 /* HabitsStore.swift */; };
		45BDC30F26C1480F00EA9EF9 /* FontsViewController.swift in Sources */ = {isa = PBXBuildFile; fileRef = 45BDC30E26C1480F00EA9EF9 /* FontsViewController.swift */; };
/* End PBXBuildFile section */

/* Begin PBXFileReference section */
		4511D4A726D3CECC009517E4 /* UIColorExtensions.swift */ = {isa = PBXFileReference; lastKnownFileType = sourcecode.swift; path = UIColorExtensions.swift; sourceTree = "<group>"; };
		4511D4B526D63C4D009517E4 /* AddSubviews.swift */ = {isa = PBXFileReference; lastKnownFileType = sourcecode.swift; path = AddSubviews.swift; sourceTree = "<group>"; };
		4511D4B726D63C68009517E4 /* ToAutoLayout.swift */ = {isa = PBXFileReference; lastKnownFileType = sourcecode.swift; path = ToAutoLayout.swift; sourceTree = "<group>"; };
		454C3F2826C14F3600A1A0A7 /* SFProText_Regular.ttf */ = {isa = PBXFileReference; lastKnownFileType = file; path = SFProText_Regular.ttf; sourceTree = "<group>"; };
		454C3F2926C14F3600A1A0A7 /* SFProText_Semibold.ttf */ = {isa = PBXFileReference; lastKnownFileType = file; path = SFProText_Semibold.ttf; sourceTree = "<group>"; };
		454C3F2A26C14F3600A1A0A7 /* SFProDisplay_Semibold.otf */ = {isa = PBXFileReference; lastKnownFileType = file; path = SFProDisplay_Semibold.otf; sourceTree = "<group>"; };
		454C3F2E26C1541C00A1A0A7 /* InfoStorage.swift */ = {isa = PBXFileReference; lastKnownFileType = sourcecode.swift; path = InfoStorage.swift; sourceTree = "<group>"; };
		454C3F3326C167DE00A1A0A7 /* HabitCollectionViewCell.swift */ = {isa = PBXFileReference; lastKnownFileType = sourcecode.swift; path = HabitCollectionViewCell.swift; sourceTree = "<group>"; };
		454C3F3726C1BF7D00A1A0A7 /* ProgressCollectionViewCell.swift */ = {isa = PBXFileReference; lastKnownFileType = sourcecode.swift; path = ProgressCollectionViewCell.swift; sourceTree = "<group>"; };
		454C3F3926C1C68800A1A0A7 /* HabitViewController.swift */ = {isa = PBXFileReference; lastKnownFileType = sourcecode.swift; path = HabitViewController.swift; sourceTree = "<group>"; };
		454C3F3D26C3E62300A1A0A7 /* HabitDetailsViewController.swift */ = {isa = PBXFileReference; lastKnownFileType = sourcecode.swift; path = HabitDetailsViewController.swift; sourceTree = "<group>"; };
		454C3F4F26CF896B00A1A0A7 /* ResetUserDefaults.swift */ = {isa = PBXFileReference; lastKnownFileType = sourcecode.swift; path = ResetUserDefaults.swift; sourceTree = "<group>"; };
		45BDC2EE26C12CFC00EA9EF9 /* MyHabits.app */ = {isa = PBXFileReference; explicitFileType = wrapper.application; includeInIndex = 0; path = MyHabits.app; sourceTree = BUILT_PRODUCTS_DIR; };
		45BDC2F126C12CFC00EA9EF9 /* AppDelegate.swift */ = {isa = PBXFileReference; lastKnownFileType = sourcecode.swift; path = AppDelegate.swift; sourceTree = "<group>"; };
		45BDC2F326C12CFC00EA9EF9 /* SceneDelegate.swift */ = {isa = PBXFileReference; lastKnownFileType = sourcecode.swift; path = SceneDelegate.swift; sourceTree = "<group>"; };
		45BDC2F526C12CFC00EA9EF9 /* ViewController.swift */ = {isa = PBXFileReference; lastKnownFileType = sourcecode.swift; path = ViewController.swift; sourceTree = "<group>"; };
		45BDC2F826C12CFC00EA9EF9 /* Base */ = {isa = PBXFileReference; lastKnownFileType = file.storyboard; name = Base; path = Base.lproj/Main.storyboard; sourceTree = "<group>"; };
		45BDC2FA26C12D0000EA9EF9 /* Assets.xcassets */ = {isa = PBXFileReference; lastKnownFileType = folder.assetcatalog; path = Assets.xcassets; sourceTree = "<group>"; };
		45BDC2FD26C12D0000EA9EF9 /* Base */ = {isa = PBXFileReference; lastKnownFileType = file.storyboard; name = Base; path = Base.lproj/LaunchScreen.storyboard; sourceTree = "<group>"; };
		45BDC2FF26C12D0000EA9EF9 /* Info.plist */ = {isa = PBXFileReference; lastKnownFileType = text.plist.xml; path = Info.plist; sourceTree = "<group>"; };
		45BDC30526C12D9F00EA9EF9 /* HabitsViewController.swift */ = {isa = PBXFileReference; lastKnownFileType = sourcecode.swift; path = HabitsViewController.swift; sourceTree = "<group>"; };
		45BDC30726C12DA800EA9EF9 /* InfoViewController.swift */ = {isa = PBXFileReference; lastKnownFileType = sourcecode.swift; path = InfoViewController.swift; sourceTree = "<group>"; };
		45BDC30926C1400600EA9EF9 /* HabitsStore.swift */ = {isa = PBXFileReference; lastKnownFileType = sourcecode.swift; path = HabitsStore.swift; sourceTree = "<group>"; };
		45BDC30E26C1480F00EA9EF9 /* FontsViewController.swift */ = {isa = PBXFileReference; lastKnownFileType = sourcecode.swift; path = FontsViewController.swift; sourceTree = "<group>"; };
/* End PBXFileReference section */

/* Begin PBXFrameworksBuildPhase section */
		45BDC2EB26C12CFC00EA9EF9 /* Frameworks */ = {
			isa = PBXFrameworksBuildPhase;
			buildActionMask = 2147483647;
			files = (
			);
			runOnlyForDeploymentPostprocessing = 0;
		};
/* End PBXFrameworksBuildPhase section */

/* Begin PBXGroup section */
		4511D4A626D3CE97009517E4 /* Extensions */ = {
			isa = PBXGroup;
			children = (
				4511D4A726D3CECC009517E4 /* UIColorExtensions.swift */,
				4511D4B526D63C4D009517E4 /* AddSubviews.swift */,
				4511D4B726D63C68009517E4 /* ToAutoLayout.swift */,
			);
			path = Extensions;
			sourceTree = "<group>";
		};
		4511D4B326D63BB7009517E4 /* VC */ = {
			isa = PBXGroup;
			children = (
				45BDC2F526C12CFC00EA9EF9 /* ViewController.swift */,
				45BDC30526C12D9F00EA9EF9 /* HabitsViewController.swift */,
				454C3F3926C1C68800A1A0A7 /* HabitViewController.swift */,
				454C3F3D26C3E62300A1A0A7 /* HabitDetailsViewController.swift */,
			);
			path = VC;
			sourceTree = "<group>";
		};
		4511D4B426D63BC1009517E4 /* CollectionCells */ = {
			isa = PBXGroup;
			children = (
				454C3F3326C167DE00A1A0A7 /* HabitCollectionViewCell.swift */,
				454C3F3726C1BF7D00A1A0A7 /* ProgressCollectionViewCell.swift */,
			);
			path = CollectionCells;
			sourceTree = "<group>";
		};
		454C3F3226C1670A00A1A0A7 /* Habits */ = {
			isa = PBXGroup;
			children = (
				4511D4B326D63BB7009517E4 /* VC */,
				4511D4B426D63BC1009517E4 /* CollectionCells */,
				458CBC8826EA9C6000915CA1 /* Storage */,
			);
			path = Habits;
			sourceTree = "<group>";
		};
		458CBC8826EA9C6000915CA1 /* Storage */ = {
			isa = PBXGroup;
			children = (
				45BDC30926C1400600EA9EF9 /* HabitsStore.swift */,
			);
			path = Storage;
			sourceTree = "<group>";
		};
		458CBC8926EA9CF600915CA1 /* Application */ = {
			isa = PBXGroup;
			children = (
				45BDC2F126C12CFC00EA9EF9 /* AppDelegate.swift */,
				45BDC2F326C12CFC00EA9EF9 /* SceneDelegate.swift */,
				45BDC2FC26C12D0000EA9EF9 /* LaunchScreen.storyboard */,
			);
			path = Application;
			sourceTree = "<group>";
		};
		458CBC8A26EA9D3900915CA1 /* Resources */ = {
			isa = PBXGroup;
			children = (
				45BDC2FA26C12D0000EA9EF9 /* Assets.xcassets */,
				45BDC2F726C12CFC00EA9EF9 /* Main.storyboard */,
				45BDC2FF26C12D0000EA9EF9 /* Info.plist */,
				45BDC31026C1495C00EA9EF9 /* Fonts */,
			);
			path = Resources;
			sourceTree = "<group>";
		};
		45BDC2E526C12CFC00EA9EF9 = {
			isa = PBXGroup;
			children = (
				45BDC2F026C12CFC00EA9EF9 /* MyHabits */,
				45BDC2EF26C12CFC00EA9EF9 /* Products */,
			);
			sourceTree = "<group>";
		};
		45BDC2EF26C12CFC00EA9EF9 /* Products */ = {
			isa = PBXGroup;
			children = (
				45BDC2EE26C12CFC00EA9EF9 /* MyHabits.app */,
			);
			name = Products;
			sourceTree = "<group>";
		};
		45BDC2F026C12CFC00EA9EF9 /* MyHabits */ = {
			isa = PBXGroup;
			children = (
				458CBC8926EA9CF600915CA1 /* Application */,
				454C3F3226C1670A00A1A0A7 /* Habits */,
				45BDC30B26C1442600EA9EF9 /* Info */,
				458CBC8A26EA9D3900915CA1 /* Resources */,
				4511D4A626D3CE97009517E4 /* Extensions */,
				454C3F4F26CF896B00A1A0A7 /* ResetUserDefaults.swift */,
			);
			path = MyHabits;
			sourceTree = "<group>";
		};
		45BDC30B26C1442600EA9EF9 /* Info */ = {
			isa = PBXGroup;
			children = (
				45BDC30726C12DA800EA9EF9 /* InfoViewController.swift */,
				454C3F2E26C1541C00A1A0A7 /* InfoStorage.swift */,
			);
			path = Info;
			sourceTree = "<group>";
		};
		45BDC31026C1495C00EA9EF9 /* Fonts */ = {
			isa = PBXGroup;
			children = (
				454C3F2A26C14F3600A1A0A7 /* SFProDisplay_Semibold.otf */,
				454C3F2826C14F3600A1A0A7 /* SFProText_Regular.ttf */,
				454C3F2926C14F3600A1A0A7 /* SFProText_Semibold.ttf */,
				45BDC30E26C1480F00EA9EF9 /* FontsViewController.swift */,
			);
			path = Fonts;
			sourceTree = "<group>";
		};
/* End PBXGroup section */

/* Begin PBXNativeTarget section */
		45BDC2ED26C12CFC00EA9EF9 /* MyHabits */ = {
			isa = PBXNativeTarget;
			buildConfigurationList = 45BDC30226C12D0000EA9EF9 /* Build configuration list for PBXNativeTarget "MyHabits" */;
			buildPhases = (
				45BDC2EA26C12CFC00EA9EF9 /* Sources */,
				45BDC2EB26C12CFC00EA9EF9 /* Frameworks */,
				45BDC2EC26C12CFC00EA9EF9 /* Resources */,
			);
			buildRules = (
			);
			dependencies = (
			);
			name = MyHabits;
			productName = MyHabits;
			productReference = 45BDC2EE26C12CFC00EA9EF9 /* MyHabits.app */;
			productType = "com.apple.product-type.application";
		};
/* End PBXNativeTarget section */

/* Begin PBXProject section */
		45BDC2E626C12CFC00EA9EF9 /* Project object */ = {
			isa = PBXProject;
			attributes = {
				LastSwiftUpdateCheck = 1250;
				LastUpgradeCheck = 1250;
				TargetAttributes = {
					45BDC2ED26C12CFC00EA9EF9 = {
						CreatedOnToolsVersion = 12.5;
					};
				};
			};
			buildConfigurationList = 45BDC2E926C12CFC00EA9EF9 /* Build configuration list for PBXProject "MyHabits" */;
			compatibilityVersion = "Xcode 9.3";
			developmentRegion = en;
			hasScannedForEncodings = 0;
			knownRegions = (
				en,
				Base,
			);
			mainGroup = 45BDC2E526C12CFC00EA9EF9;
			productRefGroup = 45BDC2EF26C12CFC00EA9EF9 /* Products */;
			projectDirPath = "";
			projectRoot = "";
			targets = (
				45BDC2ED26C12CFC00EA9EF9 /* MyHabits */,
			);
		};
/* End PBXProject section */

/* Begin PBXResourcesBuildPhase section */
		45BDC2EC26C12CFC00EA9EF9 /* Resources */ = {
			isa = PBXResourcesBuildPhase;
			buildActionMask = 2147483647;
			files = (
				454C3F2D26C14F3600A1A0A7 /* SFProDisplay_Semibold.otf in Resources */,
				45BDC2FE26C12D0000EA9EF9 /* LaunchScreen.storyboard in Resources */,
				45BDC2FB26C12D0000EA9EF9 /* Assets.xcassets in Resources */,
				45BDC2F926C12CFC00EA9EF9 /* Main.storyboard in Resources */,
				454C3F2C26C14F3600A1A0A7 /* SFProText_Semibold.ttf in Resources */,
				454C3F2B26C14F3600A1A0A7 /* SFProText_Regular.ttf in Resources */,
			);
			runOnlyForDeploymentPostprocessing = 0;
		};
/* End PBXResourcesBuildPhase section */

/* Begin PBXSourcesBuildPhase section */
		45BDC2EA26C12CFC00EA9EF9 /* Sources */ = {
			isa = PBXSourcesBuildPhase;
			buildActionMask = 2147483647;
			files = (
				45BDC30A26C1400600EA9EF9 /* HabitsStore.swift in Sources */,
				4511D4A826D3CECC009517E4 /* UIColorExtensions.swift in Sources */,
				45BDC2F626C12CFC00EA9EF9 /* ViewController.swift in Sources */,
				454C3F3826C1BF7D00A1A0A7 /* ProgressCollectionViewCell.swift in Sources */,
				454C3F2F26C1541C00A1A0A7 /* InfoStorage.swift in Sources */,
				45BDC2F226C12CFC00EA9EF9 /* AppDelegate.swift in Sources */,
				4511D4B626D63C4D009517E4 /* AddSubviews.swift in Sources */,
				4511D4B826D63C68009517E4 /* ToAutoLayout.swift in Sources */,
				454C3F3A26C1C68800A1A0A7 /* HabitViewController.swift in Sources */,
				45BDC2F426C12CFC00EA9EF9 /* SceneDelegate.swift in Sources */,
				45BDC30F26C1480F00EA9EF9 /* FontsViewController.swift in Sources */,
				45BDC30826C12DA800EA9EF9 /* InfoViewController.swift in Sources */,
				45BDC30626C12D9F00EA9EF9 /* HabitsViewController.swift in Sources */,
				454C3F5026CF896B00A1A0A7 /* ResetUserDefaults.swift in Sources */,
				454C3F3E26C3E62300A1A0A7 /* HabitDetailsViewController.swift in Sources */,
				454C3F3426C167DE00A1A0A7 /* HabitCollectionViewCell.swift in Sources */,
			);
			runOnlyForDeploymentPostprocessing = 0;
		};
/* End PBXSourcesBuildPhase section */

/* Begin PBXVariantGroup section */
		45BDC2F726C12CFC00EA9EF9 /* Main.storyboard */ = {
			isa = PBXVariantGroup;
			children = (
				45BDC2F826C12CFC00EA9EF9 /* Base */,
			);
			name = Main.storyboard;
			sourceTree = "<group>";
		};
		45BDC2FC26C12D0000EA9EF9 /* LaunchScreen.storyboard */ = {
			isa = PBXVariantGroup;
			children = (
				45BDC2FD26C12D0000EA9EF9 /* Base */,
			);
			name = LaunchScreen.storyboard;
			sourceTree = "<group>";
		};
/* End PBXVariantGroup section */

/* Begin XCBuildConfiguration section */
		45BDC30026C12D0000EA9EF9 /* Debug */ = {
			isa = XCBuildConfiguration;
			buildSettings = {
				ALWAYS_SEARCH_USER_PATHS = NO;
				CLANG_ANALYZER_NONNULL = YES;
				CLANG_ANALYZER_NUMBER_OBJECT_CONVERSION = YES_AGGRESSIVE;
				CLANG_CXX_LANGUAGE_STANDARD = "gnu++14";
				CLANG_CXX_LIBRARY = "libc++";
				CLANG_ENABLE_MODULES = YES;
				CLANG_ENABLE_OBJC_ARC = YES;
				CLANG_ENABLE_OBJC_WEAK = YES;
				CLANG_WARN_BLOCK_CAPTURE_AUTORELEASING = YES;
				CLANG_WARN_BOOL_CONVERSION = YES;
				CLANG_WARN_COMMA = YES;
				CLANG_WARN_CONSTANT_CONVERSION = YES;
				CLANG_WARN_DEPRECATED_OBJC_IMPLEMENTATIONS = YES;
				CLANG_WARN_DIRECT_OBJC_ISA_USAGE = YES_ERROR;
				CLANG_WARN_DOCUMENTATION_COMMENTS = YES;
				CLANG_WARN_EMPTY_BODY = YES;
				CLANG_WARN_ENUM_CONVERSION = YES;
				CLANG_WARN_INFINITE_RECURSION = YES;
				CLANG_WARN_INT_CONVERSION = YES;
				CLANG_WARN_NON_LITERAL_NULL_CONVERSION = YES;
				CLANG_WARN_OBJC_IMPLICIT_RETAIN_SELF = YES;
				CLANG_WARN_OBJC_LITERAL_CONVERSION = YES;
				CLANG_WARN_OBJC_ROOT_CLASS = YES_ERROR;
				CLANG_WARN_QUOTED_INCLUDE_IN_FRAMEWORK_HEADER = YES;
				CLANG_WARN_RANGE_LOOP_ANALYSIS = YES;
				CLANG_WARN_STRICT_PROTOTYPES = YES;
				CLANG_WARN_SUSPICIOUS_MOVE = YES;
				CLANG_WARN_UNGUARDED_AVAILABILITY = YES_AGGRESSIVE;
				CLANG_WARN_UNREACHABLE_CODE = YES;
				CLANG_WARN__DUPLICATE_METHOD_MATCH = YES;
				COPY_PHASE_STRIP = NO;
				DEBUG_INFORMATION_FORMAT = dwarf;
				ENABLE_STRICT_OBJC_MSGSEND = YES;
				ENABLE_TESTABILITY = YES;
				GCC_C_LANGUAGE_STANDARD = gnu11;
				GCC_DYNAMIC_NO_PIC = NO;
				GCC_NO_COMMON_BLOCKS = YES;
				GCC_OPTIMIZATION_LEVEL = 0;
				GCC_PREPROCESSOR_DEFINITIONS = (
					"DEBUG=1",
					"$(inherited)",
				);
				GCC_WARN_64_TO_32_BIT_CONVERSION = YES;
				GCC_WARN_ABOUT_RETURN_TYPE = YES_ERROR;
				GCC_WARN_UNDECLARED_SELECTOR = YES;
				GCC_WARN_UNINITIALIZED_AUTOS = YES_AGGRESSIVE;
				GCC_WARN_UNUSED_FUNCTION = YES;
				GCC_WARN_UNUSED_VARIABLE = YES;
				IPHONEOS_DEPLOYMENT_TARGET = 14.5;
				MTL_ENABLE_DEBUG_INFO = INCLUDE_SOURCE;
				MTL_FAST_MATH = YES;
				ONLY_ACTIVE_ARCH = YES;
				SDKROOT = iphoneos;
				SWIFT_ACTIVE_COMPILATION_CONDITIONS = DEBUG;
				SWIFT_OPTIMIZATION_LEVEL = "-Onone";
			};
			name = Debug;
		};
		45BDC30126C12D0000EA9EF9 /* Release */ = {
			isa = XCBuildConfiguration;
			buildSettings = {
				ALWAYS_SEARCH_USER_PATHS = NO;
				CLANG_ANALYZER_NONNULL = YES;
				CLANG_ANALYZER_NUMBER_OBJECT_CONVERSION = YES_AGGRESSIVE;
				CLANG_CXX_LANGUAGE_STANDARD = "gnu++14";
				CLANG_CXX_LIBRARY = "libc++";
				CLANG_ENABLE_MODULES = YES;
				CLANG_ENABLE_OBJC_ARC = YES;
				CLANG_ENABLE_OBJC_WEAK = YES;
				CLANG_WARN_BLOCK_CAPTURE_AUTORELEASING = YES;
				CLANG_WARN_BOOL_CONVERSION = YES;
				CLANG_WARN_COMMA = YES;
				CLANG_WARN_CONSTANT_CONVERSION = YES;
				CLANG_WARN_DEPRECATED_OBJC_IMPLEMENTATIONS = YES;
				CLANG_WARN_DIRECT_OBJC_ISA_USAGE = YES_ERROR;
				CLANG_WARN_DOCUMENTATION_COMMENTS = YES;
				CLANG_WARN_EMPTY_BODY = YES;
				CLANG_WARN_ENUM_CONVERSION = YES;
				CLANG_WARN_INFINITE_RECURSION = YES;
				CLANG_WARN_INT_CONVERSION = YES;
				CLANG_WARN_NON_LITERAL_NULL_CONVERSION = YES;
				CLANG_WARN_OBJC_IMPLICIT_RETAIN_SELF = YES;
				CLANG_WARN_OBJC_LITERAL_CONVERSION = YES;
				CLANG_WARN_OBJC_ROOT_CLASS = YES_ERROR;
				CLANG_WARN_QUOTED_INCLUDE_IN_FRAMEWORK_HEADER = YES;
				CLANG_WARN_RANGE_LOOP_ANALYSIS = YES;
				CLANG_WARN_STRICT_PROTOTYPES = YES;
				CLANG_WARN_SUSPICIOUS_MOVE = YES;
				CLANG_WARN_UNGUARDED_AVAILABILITY = YES_AGGRESSIVE;
				CLANG_WARN_UNREACHABLE_CODE = YES;
				CLANG_WARN__DUPLICATE_METHOD_MATCH = YES;
				COPY_PHASE_STRIP = NO;
				DEBUG_INFORMATION_FORMAT = "dwarf-with-dsym";
				ENABLE_NS_ASSERTIONS = NO;
				ENABLE_STRICT_OBJC_MSGSEND = YES;
				GCC_C_LANGUAGE_STANDARD = gnu11;
				GCC_NO_COMMON_BLOCKS = YES;
				GCC_WARN_64_TO_32_BIT_CONVERSION = YES;
				GCC_WARN_ABOUT_RETURN_TYPE = YES_ERROR;
				GCC_WARN_UNDECLARED_SELECTOR = YES;
				GCC_WARN_UNINITIALIZED_AUTOS = YES_AGGRESSIVE;
				GCC_WARN_UNUSED_FUNCTION = YES;
				GCC_WARN_UNUSED_VARIABLE = YES;
				IPHONEOS_DEPLOYMENT_TARGET = 14.5;
				MTL_ENABLE_DEBUG_INFO = NO;
				MTL_FAST_MATH = YES;
				SDKROOT = iphoneos;
				SWIFT_COMPILATION_MODE = wholemodule;
				SWIFT_OPTIMIZATION_LEVEL = "-O";
				VALIDATE_PRODUCT = YES;
			};
			name = Release;
		};
		45BDC30326C12D0000EA9EF9 /* Debug */ = {
			isa = XCBuildConfiguration;
			buildSettings = {
				ASSETCATALOG_COMPILER_APPICON_NAME = AppIcon;
				ASSETCATALOG_COMPILER_GLOBAL_ACCENT_COLOR_NAME = AccentColor;
				CODE_SIGN_STYLE = Automatic;
				INFOPLIST_FILE = MyHabits/Resources/Info.plist;
				LD_RUNPATH_SEARCH_PATHS = (
					"$(inherited)",
					"@executable_path/Frameworks",
				);
				PRODUCT_BUNDLE_IDENTIFIER = Amarunseka.MyHabits;
				PRODUCT_NAME = "$(TARGET_NAME)";
				SWIFT_VERSION = 5.0;
				TARGETED_DEVICE_FAMILY = "1,2";
			};
			name = Debug;
		};
		45BDC30426C12D0000EA9EF9 /* Release */ = {
			isa = XCBuildConfiguration;
			buildSettings = {
				ASSETCATALOG_COMPILER_APPICON_NAME = AppIcon;
				ASSETCATALOG_COMPILER_GLOBAL_ACCENT_COLOR_NAME = AccentColor;
				CODE_SIGN_STYLE = Automatic;
				INFOPLIST_FILE = MyHabits/Resources/Info.plist;
				LD_RUNPATH_SEARCH_PATHS = (
					"$(inherited)",
					"@executable_path/Frameworks",
				);
				PRODUCT_BUNDLE_IDENTIFIER = Amarunseka.MyHabits;
				PRODUCT_NAME = "$(TARGET_NAME)";
				SWIFT_VERSION = 5.0;
				TARGETED_DEVICE_FAMILY = "1,2";
			};
			name = Release;
		};
/* End XCBuildConfiguration section */

/* Begin XCConfigurationList section */
		45BDC2E926C12CFC00EA9EF9 /* Build configuration list for PBXProject "MyHabits" */ = {
			isa = XCConfigurationList;
			buildConfigurations = (
				45BDC30026C12D0000EA9EF9 /* Debug */,
				45BDC30126C12D0000EA9EF9 /* Release */,
			);
			defaultConfigurationIsVisible = 0;
			defaultConfigurationName = Release;
		};
		45BDC30226C12D0000EA9EF9 /* Build configuration list for PBXNativeTarget "MyHabits" */ = {
			isa = XCConfigurationList;
			buildConfigurations = (
				45BDC30326C12D0000EA9EF9 /* Debug */,
				45BDC30426C12D0000EA9EF9 /* Release */,
			);
			defaultConfigurationIsVisible = 0;
			defaultConfigurationName = Release;
		};
/* End XCConfigurationList section */
	};
	rootObject = 45BDC2E626C12CFC00EA9EF9 /* Project object */;
}
